
Microsoft Visual Studio Solution File, Format Version 12.00
# Visual Studio 15
VisualStudioVersion = 15.0.26430.13
MinimumVisualStudioVersion = 10.0.40219.1
Project("{FAE04EC0-301F-11D3-BF4B-00C04F79EFBC}") = "BarCheck", "BarCheck\BarCheck.csproj", "{7DBCE4FC-EADB-462C-8E7B-4098F69DC0E8}"
EndProject
Project("{FAE04EC0-301F-11D3-BF4B-00C04F79EFBC}") = "TestSPWrite", "TestSPWrite\TestSPWrite.csproj", "{F3A203DF-5A25-4E43-A98E-17E0C81BD393}"
EndProject
Project("{FAE04EC0-301F-11D3-BF4B-00C04F79EFBC}") = "TestAlarmTime", "TestAlarmTime\TestAlarmTime.csproj", "{5FA00667-C380-41C0-BA67-6D6DF5E935D3}"
EndProject
Project("{FAE04EC0-301F-11D3-BF4B-00C04F79EFBC}") = "UsersFactory", "UsersFactory\UsersFactory.csproj", "{8AE7473D-BC18-4C94-963F-DA2AC934064A}"
EndProject
Project("{FAE04EC0-301F-11D3-BF4B-00C04F79EFBC}") = "UsersGenerator", "UsersGenerator\UsersGenerator.csproj", "{538D4621-F5E8-45D9-98C3-EF4F9981571F}"
EndProject
Project("{FAE04EC0-301F-11D3-BF4B-00C04F79EFBC}") = "XmlValidateRules", "XmlValidateRules\XmlValidateRules.csproj", "{38D3FDCC-44FE-4A95-A8AE-9EEFC0A3095D}"
EndProject
Global
	GlobalSection(SolutionConfigurationPlatforms) = preSolution
		Debug|Any CPU = Debug|Any CPU
		Release|Any CPU = Release|Any CPU
	EndGlobalSection
	GlobalSection(ProjectConfigurationPlatforms) = postSolution
		{7DBCE4FC-EADB-462C-8E7B-4098F69DC0E8}.Debug|Any CPU.ActiveCfg = Debug|Any CPU
		{7DBCE4FC-EADB-462C-8E7B-4098F69DC0E8}.Debug|Any CPU.Build.0 = Debug|Any CPU
		{7DBCE4FC-EADB-462C-8E7B-4098F69DC0E8}.Release|Any CPU.ActiveCfg = Release|Any CPU
		{7DBCE4FC-EADB-462C-8E7B-4098F69DC0E8}.Release|Any CPU.Build.0 = Release|Any CPU
		{F3A203DF-5A25-4E43-A98E-17E0C81BD393}.Debug|Any CPU.ActiveCfg = Debug|Any CPU
		{F3A203DF-5A25-4E43-A98E-17E0C81BD393}.Debug|Any CPU.Build.0 = Debug|Any CPU
		{F3A203DF-5A25-4E43-A98E-17E0C81BD393}.Release|Any CPU.ActiveCfg = Release|Any CPU
		{F3A203DF-5A25-4E43-A98E-17E0C81BD393}.Release|Any CPU.Build.0 = Release|Any CPU
		{5FA00667-C380-41C0-BA67-6D6DF5E935D3}.Debug|Any CPU.ActiveCfg = Debug|Any CPU
		{5FA00667-C380-41C0-BA67-6D6DF5E935D3}.Debug|Any CPU.Build.0 = Debug|Any CPU
		{5FA00667-C380-41C0-BA67-6D6DF5E935D3}.Release|Any CPU.ActiveCfg = Release|Any CPU
		{5FA00667-C380-41C0-BA67-6D6DF5E935D3}.Release|Any CPU.Build.0 = Release|Any CPU
		{8AE7473D-BC18-4C94-963F-DA2AC934064A}.Debug|Any CPU.ActiveCfg = Debug|Any CPU
		{8AE7473D-BC18-4C94-963F-DA2AC934064A}.Debug|Any CPU.Build.0 = Debug|Any CPU
		{8AE7473D-BC18-4C94-963F-DA2AC934064A}.Release|Any CPU.ActiveCfg = Release|Any CPU
		{8AE7473D-BC18-4C94-963F-DA2AC934064A}.Release|Any CPU.Build.0 = Release|Any CPU
		{538D4621-F5E8-45D9-98C3-EF4F9981571F}.Debug|Any CPU.ActiveCfg = Debug|Any CPU
		{538D4621-F5E8-45D9-98C3-EF4F9981571F}.Debug|Any CPU.Build.0 = Debug|Any CPU
		{538D4621-F5E8-45D9-98C3-EF4F9981571F}.Release|Any CPU.ActiveCfg = Release|Any CPU
		{538D4621-F5E8-45D9-98C3-EF4F9981571F}.Release|Any CPU.Build.0 = Release|Any CPU
		{38D3FDCC-44FE-4A95-A8AE-9EEFC0A3095D}.Debug|Any CPU.ActiveCfg = Debug|Any CPU
		{38D3FDCC-44FE-4A95-A8AE-9EEFC0A3095D}.Debug|Any CPU.Build.0 = Debug|Any CPU
		{38D3FDCC-44FE-4A95-A8AE-9EEFC0A3095D}.Release|Any CPU.ActiveCfg = Release|Any CPU
		{38D3FDCC-44FE-4A95-A8AE-9EEFC0A3095D}.Release|Any CPU.Build.0 = Release|Any CPU
	EndGlobalSection
	GlobalSection(SolutionProperties) = preSolution
		HideSolutionNode = FALSE
	EndGlobalSection
	GlobalSection(ExtensibilityGlobals) = postSolution
		SolutionGuid = {C3C61068-4461-453F-8D2F-0193C3EEA405}
	EndGlobalSection
EndGlobal
